
Microsoft Visual Studio Solution File, Format Version 12.00
# Visual Studio Version 17
VisualStudioVersion = 17.8.34525.116
MinimumVisualStudioVersion = 10.0.40219.1
Project("{9A19103F-16F7-4668-BE54-9A1E7A4F7556}") = "vmware_backend", "vmware_backend.csproj", "{0F010B18-4F59-496B-8427-D44F98DFD826}"
EndProject
Global
	GlobalSection(SolutionConfigurationPlatforms) = preSolution
		Debug|Any CPU = Debug|Any CPU
		Release|Any CPU = Release|Any CPU
	EndGlobalSection
	GlobalSection(ProjectConfigurationPlatforms) = postSolution
		{0F010B18-4F59-496B-8427-D44F98DFD826}.Debug|Any CPU.ActiveCfg = Debug|Any CPU
		{0F010B18-4F59-496B-8427-D44F98DFD826}.Debug|Any CPU.Build.0 = Debug|Any CPU
		{0F010B18-4F59-496B-8427-D44F98DFD826}.Release|Any CPU.ActiveCfg = Release|Any CPU
		{0F010B18-4F59-496B-8427-D44F98DFD826}.Release|Any CPU.Build.0 = Release|Any CPU
		{09391F61-CA7E-4FC7-9A05-CCD1F22489A1}.Debug|Any CPU.ActiveCfg = Debug|Any CPU
		{09391F61-CA7E-4FC7-9A05-CCD1F22489A1}.Debug|Any CPU.Build.0 = Debug|Any CPU
		{09391F61-CA7E-4FC7-9A05-CCD1F22489A1}.Release|Any CPU.ActiveCfg = Release|Any CPU
		{09391F61-CA7E-4FC7-9A05-CCD1F22489A1}.Release|Any CPU.Build.0 = Release|Any CPU
	EndGlobalSection
	GlobalSection(SolutionProperties) = preSolution
		HideSolutionNode = FALSE
	EndGlobalSection
	GlobalSection(ExtensibilityGlobals) = postSolution
		SolutionGuid = {3B4E9030-DF1D-4CE7-AB78-BF032ABD98D6}
	EndGlobalSection
EndGlobal
