
Microsoft Visual Studio Solution File, Format Version 12.00
# Visual Studio Version 17
VisualStudioVersion = 17.8.34601.278
MinimumVisualStudioVersion = 10.0.40219.1
Project("{FAE04EC0-301F-11D3-BF4B-00C04F79EFBC}") = "VMwareBookingSystem", "VMwareBookingSystem.csproj", "{F2B9F2D3-0DEE-4CF3-AA5F-B66A1C1D265D}"
EndProject
Global
	GlobalSection(SolutionConfigurationPlatforms) = preSolution
		Debug|Any CPU = Debug|Any CPU
		Release|Any CPU = Release|Any CPU
	EndGlobalSection
	GlobalSection(ProjectConfigurationPlatforms) = postSolution
		{F2B9F2D3-0DEE-4CF3-AA5F-B66A1C1D265D}.Debug|Any CPU.ActiveCfg = Debug|Any CPU
		{F2B9F2D3-0DEE-4CF3-AA5F-B66A1C1D265D}.Debug|Any CPU.Build.0 = Debug|Any CPU
		{F2B9F2D3-0DEE-4CF3-AA5F-B66A1C1D265D}.Release|Any CPU.ActiveCfg = Release|Any CPU
		{F2B9F2D3-0DEE-4CF3-AA5F-B66A1C1D265D}.Release|Any CPU.Build.0 = Release|Any CPU
	EndGlobalSection
	GlobalSection(SolutionProperties) = preSolution
		HideSolutionNode = FALSE
	EndGlobalSection
	GlobalSection(ExtensibilityGlobals) = postSolution
		SolutionGuid = {3E1AF316-0379-4CCA-B2B0-9B5D1F4B3954}
	EndGlobalSection
EndGlobal
